// !$*UTF8*$!
{
	archiveVersion = 1;
	classes = {
	};
	objectVersion = 56;
	objects = {

/* Begin PBXBuildFile section */
		6E5862992C23255C00DC6E55 /* ProfileCardApp.swift in Sources */ = {isa = PBXBuildFile; fileRef = 6E5862982C23255C00DC6E55 /* ProfileCardApp.swift */; };
		6E58629B2C23255C00DC6E55 /* ContentView.swift in Sources */ = {isa = PBXBuildFile; fileRef = 6E58629A2C23255C00DC6E55 /* ContentView.swift */; };
		6E58629D2C23255C00DC6E55 /* Assets.xcassets in Resources */ = {isa = PBXBuildFile; fileRef = 6E58629C2C23255C00DC6E55 /* Assets.xcassets */; };
		6E5862A02C23255C00DC6E55 /* Preview Assets.xcassets in Resources */ = {isa = PBXBuildFile; fileRef = 6E58629F2C23255C00DC6E55 /* Preview Assets.xcassets */; };
		6E5862AA2C23255C00DC6E55 /* ProfileCardTests.swift in Sources */ = {isa = PBXBuildFile; fileRef = 6E5862A92C23255C00DC6E55 /* ProfileCardTests.swift */; };
		6E5862B42C23255D00DC6E55 /* ProfileCardUITests.swift in Sources */ = {isa = PBXBuildFile; fileRef = 6E5862B32C23255D00DC6E55 /* ProfileCardUITests.swift */; };
		6E5862B62C23255D00DC6E55 /* ProfileCardUITestsLaunchTests.swift in Sources */ = {isa = PBXBuildFile; fileRef = 6E5862B52C23255D00DC6E55 /* ProfileCardUITestsLaunchTests.swift */; };
		6E5862C72C232A9A00DC6E55 /* ContentView.swift in Sources */ = {isa = PBXBuildFile; fileRef = 6E58629A2C23255C00DC6E55 /* ContentView.swift */; };
		6E5862C82C232A9B00DC6E55 /* ContentView.swift in Sources */ = {isa = PBXBuildFile; fileRef = 6E58629A2C23255C00DC6E55 /* ContentView.swift */; };
		6E5862CA2C232AD200DC6E55 /* PlaywritePL-Regular.ttf in Resources */ = {isa = PBXBuildFile; fileRef = 6E5862C92C232AD200DC6E55 /* PlaywritePL-Regular.ttf */; };
		6E5862CB2C232AD200DC6E55 /* PlaywritePL-Regular.ttf in Resources */ = {isa = PBXBuildFile; fileRef = 6E5862C92C232AD200DC6E55 /* PlaywritePL-Regular.ttf */; };
		6E5862CC2C232AD200DC6E55 /* PlaywritePL-Regular.ttf in Resources */ = {isa = PBXBuildFile; fileRef = 6E5862C92C232AD200DC6E55 /* PlaywritePL-Regular.ttf */; };
		6E5862CF2C232DAB00DC6E55 /* yashwantProfile.jpeg in Resources */ = {isa = PBXBuildFile; fileRef = 6E5862CE2C232DAB00DC6E55 /* yashwantProfile.jpeg */; };
		6E5862D02C232DAB00DC6E55 /* yashwantProfile.jpeg in Resources */ = {isa = PBXBuildFile; fileRef = 6E5862CE2C232DAB00DC6E55 /* yashwantProfile.jpeg */; };
		6E5862D12C232DAB00DC6E55 /* yashwantProfile.jpeg in Resources */ = {isa = PBXBuildFile; fileRef = 6E5862CE2C232DAB00DC6E55 /* yashwantProfile.jpeg */; };
		6E5862D32C2332F900DC6E55 /* InfoView.swift in Sources */ = {isa = PBXBuildFile; fileRef = 6E5862D22C2332F900DC6E55 /* InfoView.swift */; };
		6E5862D42C2332F900DC6E55 /* InfoView.swift in Sources */ = {isa = PBXBuildFile; fileRef = 6E5862D22C2332F900DC6E55 /* InfoView.swift */; };
		6E5862D52C2332F900DC6E55 /* InfoView.swift in Sources */ = {isa = PBXBuildFile; fileRef = 6E5862D22C2332F900DC6E55 /* InfoView.swift */; };
/* End PBXBuildFile section */

/* Begin PBXContainerItemProxy section */
		6E5862A62C23255C00DC6E55 /* PBXContainerItemProxy */ = {
			isa = PBXContainerItemProxy;
			containerPortal = 6E58628D2C23255C00DC6E55 /* Project object */;
			proxyType = 1;
			remoteGlobalIDString = 6E5862942C23255C00DC6E55;
			remoteInfo = ProfileCard;
		};
		6E5862B02C23255D00DC6E55 /* PBXContainerItemProxy */ = {
			isa = PBXContainerItemProxy;
			containerPortal = 6E58628D2C23255C00DC6E55 /* Project object */;
			proxyType = 1;
			remoteGlobalIDString = 6E5862942C23255C00DC6E55;
			remoteInfo = ProfileCard;
		};
/* End PBXContainerItemProxy section */

/* Begin PBXFileReference section */
		6E5862952C23255C00DC6E55 /* ProfileCard.app */ = {isa = PBXFileReference; explicitFileType = wrapper.application; includeInIndex = 0; path = ProfileCard.app; sourceTree = BUILT_PRODUCTS_DIR; };
		6E5862982C23255C00DC6E55 /* ProfileCardApp.swift */ = {isa = PBXFileReference; lastKnownFileType = sourcecode.swift; path = ProfileCardApp.swift; sourceTree = "<group>"; };
		6E58629A2C23255C00DC6E55 /* ContentView.swift */ = {isa = PBXFileReference; lastKnownFileType = sourcecode.swift; path = ContentView.swift; sourceTree = "<group>"; };
		6E58629C2C23255C00DC6E55 /* Assets.xcassets */ = {isa = PBXFileReference; lastKnownFileType = folder.assetcatalog; path = Assets.xcassets; sourceTree = "<group>"; };
		6E58629F2C23255C00DC6E55 /* Preview Assets.xcassets */ = {isa = PBXFileReference; lastKnownFileType = folder.assetcatalog; path = "Preview Assets.xcassets"; sourceTree = "<group>"; };
		6E5862A52C23255C00DC6E55 /* ProfileCardTests.xctest */ = {isa = PBXFileReference; explicitFileType = wrapper.cfbundle; includeInIndex = 0; path = ProfileCardTests.xctest; sourceTree = BUILT_PRODUCTS_DIR; };
		6E5862A92C23255C00DC6E55 /* ProfileCardTests.swift */ = {isa = PBXFileReference; lastKnownFileType = sourcecode.swift; path = ProfileCardTests.swift; sourceTree = "<group>"; };
		6E5862AF2C23255D00DC6E55 /* ProfileCardUITests.xctest */ = {isa = PBXFileReference; explicitFileType = wrapper.cfbundle; includeInIndex = 0; path = ProfileCardUITests.xctest; sourceTree = BUILT_PRODUCTS_DIR; };
		6E5862B32C23255D00DC6E55 /* ProfileCardUITests.swift */ = {isa = PBXFileReference; lastKnownFileType = sourcecode.swift; path = ProfileCardUITests.swift; sourceTree = "<group>"; };
		6E5862B52C23255D00DC6E55 /* ProfileCardUITestsLaunchTests.swift */ = {isa = PBXFileReference; lastKnownFileType = sourcecode.swift; path = ProfileCardUITestsLaunchTests.swift; sourceTree = "<group>"; };
		6E5862C92C232AD200DC6E55 /* PlaywritePL-Regular.ttf */ = {isa = PBXFileReference; lastKnownFileType = file; name = "PlaywritePL-Regular.ttf"; path = "../../../../../Downloads/Playwrite_PL/static/PlaywritePL-Regular.ttf"; sourceTree = "<group>"; };
		6E5862CD2C232BF100DC6E55 /* Info.plist */ = {isa = PBXFileReference; lastKnownFileType = text.plist; path = Info.plist; sourceTree = "<group>"; };
		6E5862CE2C232DAB00DC6E55 /* yashwantProfile.jpeg */ = {isa = PBXFileReference; lastKnownFileType = image.jpeg; path = yashwantProfile.jpeg; sourceTree = "<group>"; };
		6E5862D22C2332F900DC6E55 /* InfoView.swift */ = {isa = PBXFileReference; lastKnownFileType = sourcecode.swift; path = InfoView.swift; sourceTree = "<group>"; };
/* End PBXFileReference section */

/* Begin PBXFrameworksBuildPhase section */
		6E5862922C23255C00DC6E55 /* Frameworks */ = {
			isa = PBXFrameworksBuildPhase;
			buildActionMask = 2147483647;
			files = (
			);
			runOnlyForDeploymentPostprocessing = 0;
		};
		6E5862A22C23255C00DC6E55 /* Frameworks */ = {
			isa = PBXFrameworksBuildPhase;
			buildActionMask = 2147483647;
			files = (
			);
			runOnlyForDeploymentPostprocessing = 0;
		};
		6E5862AC2C23255D00DC6E55 /* Frameworks */ = {
			isa = PBXFrameworksBuildPhase;
			buildActionMask = 2147483647;
			files = (
			);
			runOnlyForDeploymentPostprocessing = 0;
		};
/* End PBXFrameworksBuildPhase section */

/* Begin PBXGroup section */
		6E58628C2C23255C00DC6E55 = {
			isa = PBXGroup;
			children = (
				6E5862972C23255C00DC6E55 /* ProfileCard */,
				6E5862A82C23255C00DC6E55 /* ProfileCardTests */,
				6E5862B22C23255D00DC6E55 /* ProfileCardUITests */,
				6E5862962C23255C00DC6E55 /* Products */,
			);
			sourceTree = "<group>";
		};
		6E5862962C23255C00DC6E55 /* Products */ = {
			isa = PBXGroup;
			children = (
				6E5862952C23255C00DC6E55 /* ProfileCard.app */,
				6E5862A52C23255C00DC6E55 /* ProfileCardTests.xctest */,
				6E5862AF2C23255D00DC6E55 /* ProfileCardUITests.xctest */,
			);
			name = Products;
			sourceTree = "<group>";
		};
		6E5862972C23255C00DC6E55 /* ProfileCard */ = {
			isa = PBXGroup;
			children = (
				6E5862CD2C232BF100DC6E55 /* Info.plist */,
				6E5862C22C2327DC00DC6E55 /* fonts */,
				6E5862982C23255C00DC6E55 /* ProfileCardApp.swift */,
				6E5862D22C2332F900DC6E55 /* InfoView.swift */,
				6E58629A2C23255C00DC6E55 /* ContentView.swift */,
				6E58629C2C23255C00DC6E55 /* Assets.xcassets */,
				6E5862CE2C232DAB00DC6E55 /* yashwantProfile.jpeg */,
				6E58629E2C23255C00DC6E55 /* Preview Content */,
			);
			path = ProfileCard;
			sourceTree = "<group>";
		};
		6E58629E2C23255C00DC6E55 /* Preview Content */ = {
			isa = PBXGroup;
			children = (
				6E58629F2C23255C00DC6E55 /* Preview Assets.xcassets */,
			);
			path = "Preview Content";
			sourceTree = "<group>";
		};
		6E5862A82C23255C00DC6E55 /* ProfileCardTests */ = {
			isa = PBXGroup;
			children = (
				6E5862A92C23255C00DC6E55 /* ProfileCardTests.swift */,
			);
			path = ProfileCardTests;
			sourceTree = "<group>";
		};
		6E5862B22C23255D00DC6E55 /* ProfileCardUITests */ = {
			isa = PBXGroup;
			children = (
				6E5862B32C23255D00DC6E55 /* ProfileCardUITests.swift */,
				6E5862B52C23255D00DC6E55 /* ProfileCardUITestsLaunchTests.swift */,
			);
			path = ProfileCardUITests;
			sourceTree = "<group>";
		};
		6E5862C22C2327DC00DC6E55 /* fonts */ = {
			isa = PBXGroup;
			children = (
				6E5862C92C232AD200DC6E55 /* PlaywritePL-Regular.ttf */,
			);
			path = fonts;
			sourceTree = "<group>";
		};
/* End PBXGroup section */

/* Begin PBXNativeTarget section */
		6E5862942C23255C00DC6E55 /* ProfileCard */ = {
			isa = PBXNativeTarget;
			buildConfigurationList = 6E5862B92C23255D00DC6E55 /* Build configuration list for PBXNativeTarget "ProfileCard" */;
			buildPhases = (
				6E5862912C23255C00DC6E55 /* Sources */,
				6E5862922C23255C00DC6E55 /* Frameworks */,
				6E5862932C23255C00DC6E55 /* Resources */,
			);
			buildRules = (
			);
			dependencies = (
			);
			name = ProfileCard;
			productName = ProfileCard;
			productReference = 6E5862952C23255C00DC6E55 /* ProfileCard.app */;
			productType = "com.apple.product-type.application";
		};
		6E5862A42C23255C00DC6E55 /* ProfileCardTests */ = {
			isa = PBXNativeTarget;
			buildConfigurationList = 6E5862BC2C23255D00DC6E55 /* Build configuration list for PBXNativeTarget "ProfileCardTests" */;
			buildPhases = (
				6E5862A12C23255C00DC6E55 /* Sources */,
				6E5862A22C23255C00DC6E55 /* Frameworks */,
				6E5862A32C23255C00DC6E55 /* Resources */,
			);
			buildRules = (
			);
			dependencies = (
				6E5862A72C23255C00DC6E55 /* PBXTargetDependency */,
			);
			name = ProfileCardTests;
			productName = ProfileCardTests;
			productReference = 6E5862A52C23255C00DC6E55 /* ProfileCardTests.xctest */;
			productType = "com.apple.product-type.bundle.unit-test";
		};
		6E5862AE2C23255D00DC6E55 /* ProfileCardUITests */ = {
			isa = PBXNativeTarget;
			buildConfigurationList = 6E5862BF2C23255D00DC6E55 /* Build configuration list for PBXNativeTarget "ProfileCardUITests" */;
			buildPhases = (
				6E5862AB2C23255D00DC6E55 /* Sources */,
				6E5862AC2C23255D00DC6E55 /* Frameworks */,
				6E5862AD2C23255D00DC6E55 /* Resources */,
			);
			buildRules = (
			);
			dependencies = (
				6E5862B12C23255D00DC6E55 /* PBXTargetDependency */,
			);
			name = ProfileCardUITests;
			productName = ProfileCardUITests;
			productReference = 6E5862AF2C23255D00DC6E55 /* ProfileCardUITests.xctest */;
			productType = "com.apple.product-type.bundle.ui-testing";
		};
/* End PBXNativeTarget section */

/* Begin PBXProject section */
		6E58628D2C23255C00DC6E55 /* Project object */ = {
			isa = PBXProject;
			attributes = {
				BuildIndependentTargetsInParallel = 1;
				LastSwiftUpdateCheck = 1540;
				LastUpgradeCheck = 1540;
				TargetAttributes = {
					6E5862942C23255C00DC6E55 = {
						CreatedOnToolsVersion = 15.4;
					};
					6E5862A42C23255C00DC6E55 = {
						CreatedOnToolsVersion = 15.4;
						TestTargetID = 6E5862942C23255C00DC6E55;
					};
					6E5862AE2C23255D00DC6E55 = {
						CreatedOnToolsVersion = 15.4;
						TestTargetID = 6E5862942C23255C00DC6E55;
					};
				};
			};
			buildConfigurationList = 6E5862902C23255C00DC6E55 /* Build configuration list for PBXProject "ProfileCard" */;
			compatibilityVersion = "Xcode 14.0";
			developmentRegion = en;
			hasScannedForEncodings = 0;
			knownRegions = (
				en,
				Base,
			);
			mainGroup = 6E58628C2C23255C00DC6E55;
			productRefGroup = 6E5862962C23255C00DC6E55 /* Products */;
			projectDirPath = "";
			projectRoot = "";
			targets = (
				6E5862942C23255C00DC6E55 /* ProfileCard */,
				6E5862A42C23255C00DC6E55 /* ProfileCardTests */,
				6E5862AE2C23255D00DC6E55 /* ProfileCardUITests */,
			);
		};
/* End PBXProject section */

/* Begin PBXResourcesBuildPhase section */
		6E5862932C23255C00DC6E55 /* Resources */ = {
			isa = PBXResourcesBuildPhase;
			buildActionMask = 2147483647;
			files = (
				6E5862CF2C232DAB00DC6E55 /* yashwantProfile.jpeg in Resources */,
				6E5862CA2C232AD200DC6E55 /* PlaywritePL-Regular.ttf in Resources */,
				6E5862A02C23255C00DC6E55 /* Preview Assets.xcassets in Resources */,
				6E58629D2C23255C00DC6E55 /* Assets.xcassets in Resources */,
			);
			runOnlyForDeploymentPostprocessing = 0;
		};
		6E5862A32C23255C00DC6E55 /* Resources */ = {
			isa = PBXResourcesBuildPhase;
			buildActionMask = 2147483647;
			files = (
				6E5862D02C232DAB00DC6E55 /* yashwantProfile.jpeg in Resources */,
				6E5862CB2C232AD200DC6E55 /* PlaywritePL-Regular.ttf in Resources */,
			);
			runOnlyForDeploymentPostprocessing = 0;
		};
		6E5862AD2C23255D00DC6E55 /* Resources */ = {
			isa = PBXResourcesBuildPhase;
			buildActionMask = 2147483647;
			files = (
				6E5862D12C232DAB00DC6E55 /* yashwantProfile.jpeg in Resources */,
				6E5862CC2C232AD200DC6E55 /* PlaywritePL-Regular.ttf in Resources */,
			);
			runOnlyForDeploymentPostprocessing = 0;
		};
/* End PBXResourcesBuildPhase section */

/* Begin PBXSourcesBuildPhase section */
		6E5862912C23255C00DC6E55 /* Sources */ = {
			isa = PBXSourcesBuildPhase;
			buildActionMask = 2147483647;
			files = (
				6E58629B2C23255C00DC6E55 /* ContentView.swift in Sources */,
				6E5862D32C2332F900DC6E55 /* InfoView.swift in Sources */,
				6E5862992C23255C00DC6E55 /* ProfileCardApp.swift in Sources */,
			);
			runOnlyForDeploymentPostprocessing = 0;
		};
		6E5862A12C23255C00DC6E55 /* Sources */ = {
			isa = PBXSourcesBuildPhase;
			buildActionMask = 2147483647;
			files = (
				6E5862C72C232A9A00DC6E55 /* ContentView.swift in Sources */,
				6E5862D42C2332F900DC6E55 /* InfoView.swift in Sources */,
				6E5862AA2C23255C00DC6E55 /* ProfileCardTests.swift in Sources */,
			);
			runOnlyForDeploymentPostprocessing = 0;
		};
		6E5862AB2C23255D00DC6E55 /* Sources */ = {
			isa = PBXSourcesBuildPhase;
			buildActionMask = 2147483647;
			files = (
				6E5862D52C2332F900DC6E55 /* InfoView.swift in Sources */,
				6E5862B62C23255D00DC6E55 /* ProfileCardUITestsLaunchTests.swift in Sources */,
				6E5862B42C23255D00DC6E55 /* ProfileCardUITests.swift in Sources */,
				6E5862C82C232A9B00DC6E55 /* ContentView.swift in Sources */,
			);
			runOnlyForDeploymentPostprocessing = 0;
		};
/* End PBXSourcesBuildPhase section */

/* Begin PBXTargetDependency section */
		6E5862A72C23255C00DC6E55 /* PBXTargetDependency */ = {
			isa = PBXTargetDependency;
			target = 6E5862942C23255C00DC6E55 /* ProfileCard */;
			targetProxy = 6E5862A62C23255C00DC6E55 /* PBXContainerItemProxy */;
		};
		6E5862B12C23255D00DC6E55 /* PBXTargetDependency */ = {
			isa = PBXTargetDependency;
			target = 6E5862942C23255C00DC6E55 /* ProfileCard */;
			targetProxy = 6E5862B02C23255D00DC6E55 /* PBXContainerItemProxy */;
		};
/* End PBXTargetDependency section */

/* Begin XCBuildConfiguration section */
		6E5862B72C23255D00DC6E55 /* Debug */ = {
			isa = XCBuildConfiguration;
			buildSettings = {
				ALWAYS_SEARCH_USER_PATHS = NO;
				ASSETCATALOG_COMPILER_GENERATE_SWIFT_ASSET_SYMBOL_EXTENSIONS = YES;
				CLANG_ANALYZER_NONNULL = YES;
				CLANG_ANALYZER_NUMBER_OBJECT_CONVERSION = YES_AGGRESSIVE;
				CLANG_CXX_LANGUAGE_STANDARD = "gnu++20";
				CLANG_ENABLE_MODULES = YES;
				CLANG_ENABLE_OBJC_ARC = YES;
				CLANG_ENABLE_OBJC_WEAK = YES;
				CLANG_WARN_BLOCK_CAPTURE_AUTORELEASING = YES;
				CLANG_WARN_BOOL_CONVERSION = YES;
				CLANG_WARN_COMMA = YES;
				CLANG_WARN_CONSTANT_CONVERSION = YES;
				CLANG_WARN_DEPRECATED_OBJC_IMPLEMENTATIONS = YES;
				CLANG_WARN_DIRECT_OBJC_ISA_USAGE = YES_ERROR;
				CLANG_WARN_DOCUMENTATION_COMMENTS = YES;
				CLANG_WARN_EMPTY_BODY = YES;
				CLANG_WARN_ENUM_CONVERSION = YES;
				CLANG_WARN_INFINITE_RECURSION = YES;
				CLANG_WARN_INT_CONVERSION = YES;
				CLANG_WARN_NON_LITERAL_NULL_CONVERSION = YES;
				CLANG_WARN_OBJC_IMPLICIT_RETAIN_SELF = YES;
				CLANG_WARN_OBJC_LITERAL_CONVERSION = YES;
				CLANG_WARN_OBJC_ROOT_CLASS = YES_ERROR;
				CLANG_WARN_QUOTED_INCLUDE_IN_FRAMEWORK_HEADER = YES;
				CLANG_WARN_RANGE_LOOP_ANALYSIS = YES;
				CLANG_WARN_STRICT_PROTOTYPES = YES;
				CLANG_WARN_SUSPICIOUS_MOVE = YES;
				CLANG_WARN_UNGUARDED_AVAILABILITY = YES_AGGRESSIVE;
				CLANG_WARN_UNREACHABLE_CODE = YES;
				CLANG_WARN__DUPLICATE_METHOD_MATCH = YES;
				COPY_PHASE_STRIP = NO;
				DEBUG_INFORMATION_FORMAT = dwarf;
				ENABLE_STRICT_OBJC_MSGSEND = YES;
				ENABLE_TESTABILITY = YES;
				ENABLE_USER_SCRIPT_SANDBOXING = YES;
				GCC_C_LANGUAGE_STANDARD = gnu17;
				GCC_DYNAMIC_NO_PIC = NO;
				GCC_NO_COMMON_BLOCKS = YES;
				GCC_OPTIMIZATION_LEVEL = 0;
				GCC_PREPROCESSOR_DEFINITIONS = (
					"DEBUG=1",
					"$(inherited)",
				);
				GCC_WARN_64_TO_32_BIT_CONVERSION = YES;
				GCC_WARN_ABOUT_RETURN_TYPE = YES_ERROR;
				GCC_WARN_UNDECLARED_SELECTOR = YES;
				GCC_WARN_UNINITIALIZED_AUTOS = YES_AGGRESSIVE;
				GCC_WARN_UNUSED_FUNCTION = YES;
				GCC_WARN_UNUSED_VARIABLE = YES;
				IPHONEOS_DEPLOYMENT_TARGET = 17.5;
				LOCALIZATION_PREFERS_STRING_CATALOGS = YES;
				MTL_ENABLE_DEBUG_INFO = INCLUDE_SOURCE;
				MTL_FAST_MATH = YES;
				ONLY_ACTIVE_ARCH = YES;
				SDKROOT = iphoneos;
				SWIFT_ACTIVE_COMPILATION_CONDITIONS = "DEBUG $(inherited)";
				SWIFT_OPTIMIZATION_LEVEL = "-Onone";
			};
			name = Debug;
		};
		6E5862B82C23255D00DC6E55 /* Release */ = {
			isa = XCBuildConfiguration;
			buildSettings = {
				ALWAYS_SEARCH_USER_PATHS = NO;
				ASSETCATALOG_COMPILER_GENERATE_SWIFT_ASSET_SYMBOL_EXTENSIONS = YES;
				CLANG_ANALYZER_NONNULL = YES;
				CLANG_ANALYZER_NUMBER_OBJECT_CONVERSION = YES_AGGRESSIVE;
				CLANG_CXX_LANGUAGE_STANDARD = "gnu++20";
				CLANG_ENABLE_MODULES = YES;
				CLANG_ENABLE_OBJC_ARC = YES;
				CLANG_ENABLE_OBJC_WEAK = YES;
				CLANG_WARN_BLOCK_CAPTURE_AUTORELEASING = YES;
				CLANG_WARN_BOOL_CONVERSION = YES;
				CLANG_WARN_COMMA = YES;
				CLANG_WARN_CONSTANT_CONVERSION = YES;
				CLANG_WARN_DEPRECATED_OBJC_IMPLEMENTATIONS = YES;
				CLANG_WARN_DIRECT_OBJC_ISA_USAGE = YES_ERROR;
				CLANG_WARN_DOCUMENTATION_COMMENTS = YES;
				CLANG_WARN_EMPTY_BODY = YES;
				CLANG_WARN_ENUM_CONVERSION = YES;
				CLANG_WARN_INFINITE_RECURSION = YES;
				CLANG_WARN_INT_CONVERSION = YES;
				CLANG_WARN_NON_LITERAL_NULL_CONVERSION = YES;
				CLANG_WARN_OBJC_IMPLICIT_RETAIN_SELF = YES;
				CLANG_WARN_OBJC_LITERAL_CONVERSION = YES;
				CLANG_WARN_OBJC_ROOT_CLASS = YES_ERROR;
				CLANG_WARN_QUOTED_INCLUDE_IN_FRAMEWORK_HEADER = YES;
				CLANG_WARN_RANGE_LOOP_ANALYSIS = YES;
				CLANG_WARN_STRICT_PROTOTYPES = YES;
				CLANG_WARN_SUSPICIOUS_MOVE = YES;
				CLANG_WARN_UNGUARDED_AVAILABILITY = YES_AGGRESSIVE;
				CLANG_WARN_UNREACHABLE_CODE = YES;
				CLANG_WARN__DUPLICATE_METHOD_MATCH = YES;
				COPY_PHASE_STRIP = NO;
				DEBUG_INFORMATION_FORMAT = "dwarf-with-dsym";
				ENABLE_NS_ASSERTIONS = NO;
				ENABLE_STRICT_OBJC_MSGSEND = YES;
				ENABLE_USER_SCRIPT_SANDBOXING = YES;
				GCC_C_LANGUAGE_STANDARD = gnu17;
				GCC_NO_COMMON_BLOCKS = YES;
				GCC_WARN_64_TO_32_BIT_CONVERSION = YES;
				GCC_WARN_ABOUT_RETURN_TYPE = YES_ERROR;
				GCC_WARN_UNDECLARED_SELECTOR = YES;
				GCC_WARN_UNINITIALIZED_AUTOS = YES_AGGRESSIVE;
				GCC_WARN_UNUSED_FUNCTION = YES;
				GCC_WARN_UNUSED_VARIABLE = YES;
				IPHONEOS_DEPLOYMENT_TARGET = 17.5;
				LOCALIZATION_PREFERS_STRING_CATALOGS = YES;
				MTL_ENABLE_DEBUG_INFO = NO;
				MTL_FAST_MATH = YES;
				SDKROOT = iphoneos;
				SWIFT_COMPILATION_MODE = wholemodule;
				VALIDATE_PRODUCT = YES;
			};
			name = Release;
		};
		6E5862BA2C23255D00DC6E55 /* Debug */ = {
			isa = XCBuildConfiguration;
			buildSettings = {
				ASSETCATALOG_COMPILER_APPICON_NAME = AppIcon;
				ASSETCATALOG_COMPILER_GLOBAL_ACCENT_COLOR_NAME = AccentColor;
				CODE_SIGN_STYLE = Automatic;
				CURRENT_PROJECT_VERSION = 1;
				DEVELOPMENT_ASSET_PATHS = "\"ProfileCard/Preview Content\"";
				DEVELOPMENT_TEAM = ZFW3UYKR99;
				ENABLE_PREVIEWS = YES;
				GENERATE_INFOPLIST_FILE = YES;
				INFOPLIST_FILE = ProfileCard/Info.plist;
				INFOPLIST_KEY_UIApplicationSceneManifest_Generation = YES;
				INFOPLIST_KEY_UIApplicationSupportsIndirectInputEvents = YES;
				INFOPLIST_KEY_UILaunchScreen_Generation = YES;
				INFOPLIST_KEY_UISupportedInterfaceOrientations_iPad = "UIInterfaceOrientationPortrait UIInterfaceOrientationPortraitUpsideDown UIInterfaceOrientationLandscapeLeft UIInterfaceOrientationLandscapeRight";
				INFOPLIST_KEY_UISupportedInterfaceOrientations_iPhone = "UIInterfaceOrientationPortrait UIInterfaceOrientationLandscapeLeft UIInterfaceOrientationLandscapeRight";
				LD_RUNPATH_SEARCH_PATHS = (
					"$(inherited)",
					"@executable_path/Frameworks",
				);
				MARKETING_VERSION = 1.0;
				PRODUCT_BUNDLE_IDENTIFIER = com.YashwantSheshkar.ProfileCard;
				PRODUCT_NAME = "$(TARGET_NAME)";
				SWIFT_EMIT_LOC_STRINGS = YES;
				SWIFT_VERSION = 5.0;
				TARGETED_DEVICE_FAMILY = "1,2";
			};
			name = Debug;
		};
		6E5862BB2C23255D00DC6E55 /* Release */ = {
			isa = XCBuildConfiguration;
			buildSettings = {
				ASSETCATALOG_COMPILER_APPICON_NAME = AppIcon;
				ASSETCATALOG_COMPILER_GLOBAL_ACCENT_COLOR_NAME = AccentColor;
				CODE_SIGN_STYLE = Automatic;
				CURRENT_PROJECT_VERSION = 1;
				DEVELOPMENT_ASSET_PATHS = "\"ProfileCard/Preview Content\"";
				DEVELOPMENT_TEAM = ZFW3UYKR99;
				ENABLE_PREVIEWS = YES;
				GENERATE_INFOPLIST_FILE = YES;
				INFOPLIST_FILE = ProfileCard/Info.plist;
				INFOPLIST_KEY_UIApplicationSceneManifest_Generation = YES;
				INFOPLIST_KEY_UIApplicationSupportsIndirectInputEvents = YES;
				INFOPLIST_KEY_UILaunchScreen_Generation = YES;
				INFOPLIST_KEY_UISupportedInterfaceOrientations_iPad = "UIInterfaceOrientationPortrait UIInterfaceOrientationPortraitUpsideDown UIInterfaceOrientationLandscapeLeft UIInterfaceOrientationLandscapeRight";
				INFOPLIST_KEY_UISupportedInterfaceOrientations_iPhone = "UIInterfaceOrientationPortrait UIInterfaceOrientationLandscapeLeft UIInterfaceOrientationLandscapeRight";
				LD_RUNPATH_SEARCH_PATHS = (
					"$(inherited)",
					"@executable_path/Frameworks",
				);
				MARKETING_VERSION = 1.0;
				PRODUCT_BUNDLE_IDENTIFIER = com.YashwantSheshkar.ProfileCard;
				PRODUCT_NAME = "$(TARGET_NAME)";
				SWIFT_EMIT_LOC_STRINGS = YES;
				SWIFT_VERSION = 5.0;
				TARGETED_DEVICE_FAMILY = "1,2";
			};
			name = Release;
		};
		6E5862BD2C23255D00DC6E55 /* Debug */ = {
			isa = XCBuildConfiguration;
			buildSettings = {
				ALWAYS_EMBED_SWIFT_STANDARD_LIBRARIES = YES;
				BUNDLE_LOADER = "$(TEST_HOST)";
				CODE_SIGN_STYLE = Automatic;
				CURRENT_PROJECT_VERSION = 1;
				DEVELOPMENT_TEAM = ZFW3UYKR99;
				GENERATE_INFOPLIST_FILE = YES;
				IPHONEOS_DEPLOYMENT_TARGET = 17.5;
				MARKETING_VERSION = 1.0;
				PRODUCT_BUNDLE_IDENTIFIER = com.YashwantSheshkar.ProfileCardTests;
				PRODUCT_NAME = "$(TARGET_NAME)";
				SWIFT_EMIT_LOC_STRINGS = NO;
				SWIFT_VERSION = 5.0;
				TARGETED_DEVICE_FAMILY = "1,2";
				TEST_HOST = "$(BUILT_PRODUCTS_DIR)/ProfileCard.app/$(BUNDLE_EXECUTABLE_FOLDER_PATH)/ProfileCard";
			};
			name = Debug;
		};
		6E5862BE2C23255D00DC6E55 /* Release */ = {
			isa = XCBuildConfiguration;
			buildSettings = {
				ALWAYS_EMBED_SWIFT_STANDARD_LIBRARIES = YES;
				BUNDLE_LOADER = "$(TEST_HOST)";
				CODE_SIGN_STYLE = Automatic;
				CURRENT_PROJECT_VERSION = 1;
				DEVELOPMENT_TEAM = ZFW3UYKR99;
				GENERATE_INFOPLIST_FILE = YES;
				IPHONEOS_DEPLOYMENT_TARGET = 17.5;
				MARKETING_VERSION = 1.0;
				PRODUCT_BUNDLE_IDENTIFIER = com.YashwantSheshkar.ProfileCardTests;
				PRODUCT_NAME = "$(TARGET_NAME)";
				SWIFT_EMIT_LOC_STRINGS = NO;
				SWIFT_VERSION = 5.0;
				TARGETED_DEVICE_FAMILY = "1,2";
				TEST_HOST = "$(BUILT_PRODUCTS_DIR)/ProfileCard.app/$(BUNDLE_EXECUTABLE_FOLDER_PATH)/ProfileCard";
			};
			name = Release;
		};
		6E5862C02C23255D00DC6E55 /* Debug */ = {
			isa = XCBuildConfiguration;
			buildSettings = {
				ALWAYS_EMBED_SWIFT_STANDARD_LIBRARIES = YES;
				CODE_SIGN_STYLE = Automatic;
				CURRENT_PROJECT_VERSION = 1;
				DEVELOPMENT_TEAM = ZFW3UYKR99;
				GENERATE_INFOPLIST_FILE = YES;
				MARKETING_VERSION = 1.0;
				PRODUCT_BUNDLE_IDENTIFIER = com.YashwantSheshkar.ProfileCardUITests;
				PRODUCT_NAME = "$(TARGET_NAME)";
				SWIFT_EMIT_LOC_STRINGS = NO;
				SWIFT_VERSION = 5.0;
				TARGETED_DEVICE_FAMILY = "1,2";
				TEST_TARGET_NAME = ProfileCard;
			};
			name = Debug;
		};
		6E5862C12C23255D00DC6E55 /* Release */ = {
			isa = XCBuildConfiguration;
			buildSettings = {
				ALWAYS_EMBED_SWIFT_STANDARD_LIBRARIES = YES;
				CODE_SIGN_STYLE = Automatic;
				CURRENT_PROJECT_VERSION = 1;
				DEVELOPMENT_TEAM = ZFW3UYKR99;
				GENERATE_INFOPLIST_FILE = YES;
				MARKETING_VERSION = 1.0;
				PRODUCT_BUNDLE_IDENTIFIER = com.YashwantSheshkar.ProfileCardUITests;
				PRODUCT_NAME = "$(TARGET_NAME)";
				SWIFT_EMIT_LOC_STRINGS = NO;
				SWIFT_VERSION = 5.0;
				TARGETED_DEVICE_FAMILY = "1,2";
				TEST_TARGET_NAME = ProfileCard;
			};
			name = Release;
		};
/* End XCBuildConfiguration section */

/* Begin XCConfigurationList section */
		6E5862902C23255C00DC6E55 /* Build configuration list for PBXProject "ProfileCard" */ = {
			isa = XCConfigurationList;
			buildConfigurations = (
				6E5862B72C23255D00DC6E55 /* Debug */,
				6E5862B82C23255D00DC6E55 /* Release */,
			);
			defaultConfigurationIsVisible = 0;
			defaultConfigurationName = Release;
		};
		6E5862B92C23255D00DC6E55 /* Build configuration list for PBXNativeTarget "ProfileCard" */ = {
			isa = XCConfigurationList;
			buildConfigurations = (
				6E5862BA2C23255D00DC6E55 /* Debug */,
				6E5862BB2C23255D00DC6E55 /* Release */,
			);
			defaultConfigurationIsVisible = 0;
			defaultConfigurationName = Release;
		};
		6E5862BC2C23255D00DC6E55 /* Build configuration list for PBXNativeTarget "ProfileCardTests" */ = {
			isa = XCConfigurationList;
			buildConfigurations = (
				6E5862BD2C23255D00DC6E55 /* Debug */,
				6E5862BE2C23255D00DC6E55 /* Release */,
			);
			defaultConfigurationIsVisible = 0;
			defaultConfigurationName = Release;
		};
		6E5862BF2C23255D00DC6E55 /* Build configuration list for PBXNativeTarget "ProfileCardUITests" */ = {
			isa = XCConfigurationList;
			buildConfigurations = (
				6E5862C02C23255D00DC6E55 /* Debug */,
				6E5862C12C23255D00DC6E55 /* Release */,
			);
			defaultConfigurationIsVisible = 0;
			defaultConfigurationName = Release;
		};
/* End XCConfigurationList section */
	};
	rootObject = 6E58628D2C23255C00DC6E55 /* Project object */;
}
